
Microsoft Visual Studio Solution File, Format Version 12.00
# Visual Studio 15
VisualStudioVersion = 15.0.27004.2002
MinimumVisualStudioVersion = 10.0.40219.1
Project("{8BC9CEB8-8B4A-11D0-8D11-00A0C91BC942}") = "Cuda", "Cuda\Cuda.vcxproj", "{BC20230F-367A-49AB-BDA2-0F0BA2FB83E2}"
EndProject
Global
	GlobalSection(SolutionConfigurationPlatforms) = preSolution
		Debug|x64 = Debug|x64
		Release|x64 = Release|x64
	EndGlobalSection
	GlobalSection(ProjectConfigurationPlatforms) = postSolution
		{BC20230F-367A-49AB-BDA2-0F0BA2FB83E2}.Debug|x64.ActiveCfg = Debug|x64
		{BC20230F-367A-49AB-BDA2-0F0BA2FB83E2}.Debug|x64.Build.0 = Debug|x64
		{BC20230F-367A-49AB-BDA2-0F0BA2FB83E2}.Release|x64.ActiveCfg = Release|x64
		{BC20230F-367A-49AB-BDA2-0F0BA2FB83E2}.Release|x64.Build.0 = Release|x64
	EndGlobalSection
	GlobalSection(SolutionProperties) = preSolution
		HideSolutionNode = FALSE
	EndGlobalSection
	GlobalSection(ExtensibilityGlobals) = postSolution
		SolutionGuid = {BEDE9A50-847F-49C8-B38A-0BFE4EFEFF9E}
	EndGlobalSection
EndGlobal
